// !$*UTF8*$!
{
	archiveVersion = 1;
	classes = {
	};
	objectVersion = 50;
	objects = {

/* Begin PBXBuildFile section */
		87E848B624FDAEE100DC7FB4 /* AppDelegate.swift in Sources */ = {isa = PBXBuildFile; fileRef = 87E848B524FDAEE100DC7FB4 /* AppDelegate.swift */; };
		87E848B824FDAEE100DC7FB4 /* SceneDelegate.swift in Sources */ = {isa = PBXBuildFile; fileRef = 87E848B724FDAEE100DC7FB4 /* SceneDelegate.swift */; };
		87E848BA24FDAEE100DC7FB4 /* ViewController.swift in Sources */ = {isa = PBXBuildFile; fileRef = 87E848B924FDAEE100DC7FB4 /* ViewController.swift */; };
		87E848BD24FDAEE100DC7FB4 /* Main.storyboard in Resources */ = {isa = PBXBuildFile; fileRef = 87E848BB24FDAEE100DC7FB4 /* Main.storyboard */; };
		87E848C024FDAEE100DC7FB4 /* Expenses.xcdatamodeld in Sources */ = {isa = PBXBuildFile; fileRef = 87E848BE24FDAEE100DC7FB4 /* Expenses.xcdatamodeld */; };
		87E848C224FDAEE400DC7FB4 /* Assets.xcassets in Resources */ = {isa = PBXBuildFile; fileRef = 87E848C124FDAEE400DC7FB4 /* Assets.xcassets */; };
		87E848C524FDAEE400DC7FB4 /* LaunchScreen.storyboard in Resources */ = {isa = PBXBuildFile; fileRef = 87E848C324FDAEE400DC7FB4 /* LaunchScreen.storyboard */; };
		87E848D024FDAEE400DC7FB4 /* ExpensesTests.swift in Sources */ = {isa = PBXBuildFile; fileRef = 87E848CF24FDAEE400DC7FB4 /* ExpensesTests.swift */; };
		87E848DB24FDAEE400DC7FB4 /* ExpensesUITests.swift in Sources */ = {isa = PBXBuildFile; fileRef = 87E848DA24FDAEE400DC7FB4 /* ExpensesUITests.swift */; };
/* End PBXBuildFile section */

/* Begin PBXContainerItemProxy section */
		87E848CC24FDAEE400DC7FB4 /* PBXContainerItemProxy */ = {
			isa = PBXContainerItemProxy;
			containerPortal = 87E848AA24FDAEE100DC7FB4 /* Project object */;
			proxyType = 1;
			remoteGlobalIDString = 87E848B124FDAEE100DC7FB4;
			remoteInfo = Expenses;
		};
		87E848D724FDAEE400DC7FB4 /* PBXContainerItemProxy */ = {
			isa = PBXContainerItemProxy;
			containerPortal = 87E848AA24FDAEE100DC7FB4 /* Project object */;
			proxyType = 1;
			remoteGlobalIDString = 87E848B124FDAEE100DC7FB4;
			remoteInfo = Expenses;
		};
/* End PBXContainerItemProxy section */

/* Begin PBXFileReference section */
		87E848B224FDAEE100DC7FB4 /* Expenses.app */ = {isa = PBXFileReference; explicitFileType = wrapper.application; includeInIndex = 0; path = Expenses.app; sourceTree = BUILT_PRODUCTS_DIR; };
		87E848B524FDAEE100DC7FB4 /* AppDelegate.swift */ = {isa = PBXFileReference; lastKnownFileType = sourcecode.swift; path = AppDelegate.swift; sourceTree = "<group>"; };
		87E848B724FDAEE100DC7FB4 /* SceneDelegate.swift */ = {isa = PBXFileReference; lastKnownFileType = sourcecode.swift; path = SceneDelegate.swift; sourceTree = "<group>"; };
		87E848B924FDAEE100DC7FB4 /* ViewController.swift */ = {isa = PBXFileReference; lastKnownFileType = sourcecode.swift; path = ViewController.swift; sourceTree = "<group>"; };
		87E848BC24FDAEE100DC7FB4 /* Base */ = {isa = PBXFileReference; lastKnownFileType = file.storyboard; name = Base; path = Base.lproj/Main.storyboard; sourceTree = "<group>"; };
		87E848BF24FDAEE100DC7FB4 /* Expenses.xcdatamodel */ = {isa = PBXFileReference; lastKnownFileType = wrapper.xcdatamodel; path = Expenses.xcdatamodel; sourceTree = "<group>"; };
		87E848C124FDAEE400DC7FB4 /* Assets.xcassets */ = {isa = PBXFileReference; lastKnownFileType = folder.assetcatalog; path = Assets.xcassets; sourceTree = "<group>"; };
		87E848C424FDAEE400DC7FB4 /* Base */ = {isa = PBXFileReference; lastKnownFileType = file.storyboard; name = Base; path = Base.lproj/LaunchScreen.storyboard; sourceTree = "<group>"; };
		87E848C624FDAEE400DC7FB4 /* Info.plist */ = {isa = PBXFileReference; lastKnownFileType = text.plist.xml; path = Info.plist; sourceTree = "<group>"; };
		87E848CB24FDAEE400DC7FB4 /* ExpensesTests.xctest */ = {isa = PBXFileReference; explicitFileType = wrapper.cfbundle; includeInIndex = 0; path = ExpensesTests.xctest; sourceTree = BUILT_PRODUCTS_DIR; };
		87E848CF24FDAEE400DC7FB4 /* ExpensesTests.swift */ = {isa = PBXFileReference; lastKnownFileType = sourcecode.swift; path = ExpensesTests.swift; sourceTree = "<group>"; };
		87E848D124FDAEE400DC7FB4 /* Info.plist */ = {isa = PBXFileReference; lastKnownFileType = text.plist.xml; path = Info.plist; sourceTree = "<group>"; };
		87E848D624FDAEE400DC7FB4 /* ExpensesUITests.xctest */ = {isa = PBXFileReference; explicitFileType = wrapper.cfbundle; includeInIndex = 0; path = ExpensesUITests.xctest; sourceTree = BUILT_PRODUCTS_DIR; };
		87E848DA24FDAEE400DC7FB4 /* ExpensesUITests.swift */ = {isa = PBXFileReference; lastKnownFileType = sourcecode.swift; path = ExpensesUITests.swift; sourceTree = "<group>"; };
		87E848DC24FDAEE400DC7FB4 /* Info.plist */ = {isa = PBXFileReference; lastKnownFileType = text.plist.xml; path = Info.plist; sourceTree = "<group>"; };
/* End PBXFileReference section */

/* Begin PBXFrameworksBuildPhase section */
		87E848AF24FDAEE100DC7FB4 /* Frameworks */ = {
			isa = PBXFrameworksBuildPhase;
			buildActionMask = 2147483647;
			files = (
			);
			runOnlyForDeploymentPostprocessing = 0;
		};
		87E848C824FDAEE400DC7FB4 /* Frameworks */ = {
			isa = PBXFrameworksBuildPhase;
			buildActionMask = 2147483647;
			files = (
			);
			runOnlyForDeploymentPostprocessing = 0;
		};
		87E848D324FDAEE400DC7FB4 /* Frameworks */ = {
			isa = PBXFrameworksBuildPhase;
			buildActionMask = 2147483647;
			files = (
			);
			runOnlyForDeploymentPostprocessing = 0;
		};
/* End PBXFrameworksBuildPhase section */

/* Begin PBXGroup section */
		87E848A924FDAEE100DC7FB4 = {
			isa = PBXGroup;
			children = (
				87E848B424FDAEE100DC7FB4 /* Expenses */,
				87E848CE24FDAEE400DC7FB4 /* ExpensesTests */,
				87E848D924FDAEE400DC7FB4 /* ExpensesUITests */,
				87E848B324FDAEE100DC7FB4 /* Products */,
			);
			sourceTree = "<group>";
		};
		87E848B324FDAEE100DC7FB4 /* Products */ = {
			isa = PBXGroup;
			children = (
				87E848B224FDAEE100DC7FB4 /* Expenses.app */,
				87E848CB24FDAEE400DC7FB4 /* ExpensesTests.xctest */,
				87E848D624FDAEE400DC7FB4 /* ExpensesUITests.xctest */,
			);
			name = Products;
			sourceTree = "<group>";
		};
		87E848B424FDAEE100DC7FB4 /* Expenses */ = {
			isa = PBXGroup;
			children = (
				87E848B524FDAEE100DC7FB4 /* AppDelegate.swift */,
				87E848B724FDAEE100DC7FB4 /* SceneDelegate.swift */,
				87E848B924FDAEE100DC7FB4 /* ViewController.swift */,
				87E848BB24FDAEE100DC7FB4 /* Main.storyboard */,
				87E848C124FDAEE400DC7FB4 /* Assets.xcassets */,
				87E848C324FDAEE400DC7FB4 /* LaunchScreen.storyboard */,
				87E848C624FDAEE400DC7FB4 /* Info.plist */,
				87E848BE24FDAEE100DC7FB4 /* Expenses.xcdatamodeld */,
			);
			path = Expenses;
			sourceTree = "<group>";
		};
		87E848CE24FDAEE400DC7FB4 /* ExpensesTests */ = {
			isa = PBXGroup;
			children = (
				87E848CF24FDAEE400DC7FB4 /* ExpensesTests.swift */,
				87E848D124FDAEE400DC7FB4 /* Info.plist */,
			);
			path = ExpensesTests;
			sourceTree = "<group>";
		};
		87E848D924FDAEE400DC7FB4 /* ExpensesUITests */ = {
			isa = PBXGroup;
			children = (
				87E848DA24FDAEE400DC7FB4 /* ExpensesUITests.swift */,
				87E848DC24FDAEE400DC7FB4 /* Info.plist */,
			);
			path = ExpensesUITests;
			sourceTree = "<group>";
		};
/* End PBXGroup section */

/* Begin PBXNativeTarget section */
		87E848B124FDAEE100DC7FB4 /* Expenses */ = {
			isa = PBXNativeTarget;
			buildConfigurationList = 87E848DF24FDAEE400DC7FB4 /* Build configuration list for PBXNativeTarget "Expenses" */;
			buildPhases = (
				87E848AE24FDAEE100DC7FB4 /* Sources */,
				87E848AF24FDAEE100DC7FB4 /* Frameworks */,
				87E848B024FDAEE100DC7FB4 /* Resources */,
			);
			buildRules = (
			);
			dependencies = (
			);
			name = Expenses;
			productName = Expenses;
			productReference = 87E848B224FDAEE100DC7FB4 /* Expenses.app */;
			productType = "com.apple.product-type.application";
		};
		87E848CA24FDAEE400DC7FB4 /* ExpensesTests */ = {
			isa = PBXNativeTarget;
			buildConfigurationList = 87E848E224FDAEE400DC7FB4 /* Build configuration list for PBXNativeTarget "ExpensesTests" */;
			buildPhases = (
				87E848C724FDAEE400DC7FB4 /* Sources */,
				87E848C824FDAEE400DC7FB4 /* Frameworks */,
				87E848C924FDAEE400DC7FB4 /* Resources */,
			);
			buildRules = (
			);
			dependencies = (
				87E848CD24FDAEE400DC7FB4 /* PBXTargetDependency */,
			);
			name = ExpensesTests;
			productName = ExpensesTests;
			productReference = 87E848CB24FDAEE400DC7FB4 /* ExpensesTests.xctest */;
			productType = "com.apple.product-type.bundle.unit-test";
		};
		87E848D524FDAEE400DC7FB4 /* ExpensesUITests */ = {
			isa = PBXNativeTarget;
			buildConfigurationList = 87E848E524FDAEE400DC7FB4 /* Build configuration list for PBXNativeTarget "ExpensesUITests" */;
			buildPhases = (
				87E848D224FDAEE400DC7FB4 /* Sources */,
				87E848D324FDAEE400DC7FB4 /* Frameworks */,
				87E848D424FDAEE400DC7FB4 /* Resources */,
			);
			buildRules = (
			);
			dependencies = (
				87E848D824FDAEE400DC7FB4 /* PBXTargetDependency */,
			);
			name = ExpensesUITests;
			productName = ExpensesUITests;
			productReference = 87E848D624FDAEE400DC7FB4 /* ExpensesUITests.xctest */;
			productType = "com.apple.product-type.bundle.ui-testing";
		};
/* End PBXNativeTarget section */

/* Begin PBXProject section */
		87E848AA24FDAEE100DC7FB4 /* Project object */ = {
			isa = PBXProject;
			attributes = {
				LastSwiftUpdateCheck = 1160;
				LastUpgradeCheck = 1160;
				ORGANIZATIONNAME = "JILL KAVANAUGH";
				TargetAttributes = {
					87E848B124FDAEE100DC7FB4 = {
						CreatedOnToolsVersion = 11.6;
					};
					87E848CA24FDAEE400DC7FB4 = {
						CreatedOnToolsVersion = 11.6;
						TestTargetID = 87E848B124FDAEE100DC7FB4;
					};
					87E848D524FDAEE400DC7FB4 = {
						CreatedOnToolsVersion = 11.6;
						TestTargetID = 87E848B124FDAEE100DC7FB4;
					};
				};
			};
			buildConfigurationList = 87E848AD24FDAEE100DC7FB4 /* Build configuration list for PBXProject "Expenses" */;
			compatibilityVersion = "Xcode 9.3";
			developmentRegion = en;
			hasScannedForEncodings = 0;
			knownRegions = (
				en,
				Base,
			);
			mainGroup = 87E848A924FDAEE100DC7FB4;
			productRefGroup = 87E848B324FDAEE100DC7FB4 /* Products */;
			projectDirPath = "";
			projectRoot = "";
			targets = (
				87E848B124FDAEE100DC7FB4 /* Expenses */,
				87E848CA24FDAEE400DC7FB4 /* ExpensesTests */,
				87E848D524FDAEE400DC7FB4 /* ExpensesUITests */,
			);
		};
/* End PBXProject section */

/* Begin PBXResourcesBuildPhase section */
		87E848B024FDAEE100DC7FB4 /* Resources */ = {
			isa = PBXResourcesBuildPhase;
			buildActionMask = 2147483647;
			files = (
				87E848C524FDAEE400DC7FB4 /* LaunchScreen.storyboard in Resources */,
				87E848C224FDAEE400DC7FB4 /* Assets.xcassets in Resources */,
				87E848BD24FDAEE100DC7FB4 /* Main.storyboard in Resources */,
			);
			runOnlyForDeploymentPostprocessing = 0;
		};
		87E848C924FDAEE400DC7FB4 /* Resources */ = {
			isa = PBXResourcesBuildPhase;
			buildActionMask = 2147483647;
			files = (
			);
			runOnlyForDeploymentPostprocessing = 0;
		};
		87E848D424FDAEE400DC7FB4 /* Resources */ = {
			isa = PBXResourcesBuildPhase;
			buildActionMask = 2147483647;
			files = (
			);
			runOnlyForDeploymentPostprocessing = 0;
		};
/* End PBXResourcesBuildPhase section */

/* Begin PBXSourcesBuildPhase section */
		87E848AE24FDAEE100DC7FB4 /* Sources */ = {
			isa = PBXSourcesBuildPhase;
			buildActionMask = 2147483647;
			files = (
				87E848C024FDAEE100DC7FB4 /* Expenses.xcdatamodeld in Sources */,
				87E848BA24FDAEE100DC7FB4 /* ViewController.swift in Sources */,
				87E848B624FDAEE100DC7FB4 /* AppDelegate.swift in Sources */,
				87E848B824FDAEE100DC7FB4 /* SceneDelegate.swift in Sources */,
			);
			runOnlyForDeploymentPostprocessing = 0;
		};
		87E848C724FDAEE400DC7FB4 /* Sources */ = {
			isa = PBXSourcesBuildPhase;
			buildActionMask = 2147483647;
			files = (
				87E848D024FDAEE400DC7FB4 /* ExpensesTests.swift in Sources */,
			);
			runOnlyForDeploymentPostprocessing = 0;
		};
		87E848D224FDAEE400DC7FB4 /* Sources */ = {
			isa = PBXSourcesBuildPhase;
			buildActionMask = 2147483647;
			files = (
				87E848DB24FDAEE400DC7FB4 /* ExpensesUITests.swift in Sources */,
			);
			runOnlyForDeploymentPostprocessing = 0;
		};
/* End PBXSourcesBuildPhase section */

/* Begin PBXTargetDependency section */
		87E848CD24FDAEE400DC7FB4 /* PBXTargetDependency */ = {
			isa = PBXTargetDependency;
			target = 87E848B124FDAEE100DC7FB4 /* Expenses */;
			targetProxy = 87E848CC24FDAEE400DC7FB4 /* PBXContainerItemProxy */;
		};
		87E848D824FDAEE400DC7FB4 /* PBXTargetDependency */ = {
			isa = PBXTargetDependency;
			target = 87E848B124FDAEE100DC7FB4 /* Expenses */;
			targetProxy = 87E848D724FDAEE400DC7FB4 /* PBXContainerItemProxy */;
		};
/* End PBXTargetDependency section */

/* Begin PBXVariantGroup section */
		87E848BB24FDAEE100DC7FB4 /* Main.storyboard */ = {
			isa = PBXVariantGroup;
			children = (
				87E848BC24FDAEE100DC7FB4 /* Base */,
			);
			name = Main.storyboard;
			sourceTree = "<group>";
		};
		87E848C324FDAEE400DC7FB4 /* LaunchScreen.storyboard */ = {
			isa = PBXVariantGroup;
			children = (
				87E848C424FDAEE400DC7FB4 /* Base */,
			);
			name = LaunchScreen.storyboard;
			sourceTree = "<group>";
		};
/* End PBXVariantGroup section */

/* Begin XCBuildConfiguration section */
		87E848DD24FDAEE400DC7FB4 /* Debug */ = {
			isa = XCBuildConfiguration;
			buildSettings = {
				ALWAYS_SEARCH_USER_PATHS = NO;
				CLANG_ANALYZER_NONNULL = YES;
				CLANG_ANALYZER_NUMBER_OBJECT_CONVERSION = YES_AGGRESSIVE;
				CLANG_CXX_LANGUAGE_STANDARD = "gnu++14";
				CLANG_CXX_LIBRARY = "libc++";
				CLANG_ENABLE_MODULES = YES;
				CLANG_ENABLE_OBJC_ARC = YES;
				CLANG_ENABLE_OBJC_WEAK = YES;
				CLANG_WARN_BLOCK_CAPTURE_AUTORELEASING = YES;
				CLANG_WARN_BOOL_CONVERSION = YES;
				CLANG_WARN_COMMA = YES;
				CLANG_WARN_CONSTANT_CONVERSION = YES;
				CLANG_WARN_DEPRECATED_OBJC_IMPLEMENTATIONS = YES;
				CLANG_WARN_DIRECT_OBJC_ISA_USAGE = YES_ERROR;
				CLANG_WARN_DOCUMENTATION_COMMENTS = YES;
				CLANG_WARN_EMPTY_BODY = YES;
				CLANG_WARN_ENUM_CONVERSION = YES;
				CLANG_WARN_INFINITE_RECURSION = YES;
				CLANG_WARN_INT_CONVERSION = YES;
				CLANG_WARN_NON_LITERAL_NULL_CONVERSION = YES;
				CLANG_WARN_OBJC_IMPLICIT_RETAIN_SELF = YES;
				CLANG_WARN_OBJC_LITERAL_CONVERSION = YES;
				CLANG_WARN_OBJC_ROOT_CLASS = YES_ERROR;
				CLANG_WARN_RANGE_LOOP_ANALYSIS = YES;
				CLANG_WARN_STRICT_PROTOTYPES = YES;
				CLANG_WARN_SUSPICIOUS_MOVE = YES;
				CLANG_WARN_UNGUARDED_AVAILABILITY = YES_AGGRESSIVE;
				CLANG_WARN_UNREACHABLE_CODE = YES;
				CLANG_WARN__DUPLICATE_METHOD_MATCH = YES;
				COPY_PHASE_STRIP = NO;
				DEBUG_INFORMATION_FORMAT = dwarf;
				ENABLE_STRICT_OBJC_MSGSEND = YES;
				ENABLE_TESTABILITY = YES;
				GCC_C_LANGUAGE_STANDARD = gnu11;
				GCC_DYNAMIC_NO_PIC = NO;
				GCC_NO_COMMON_BLOCKS = YES;
				GCC_OPTIMIZATION_LEVEL = 0;
				GCC_PREPROCESSOR_DEFINITIONS = (
					"DEBUG=1",
					"$(inherited)",
				);
				GCC_WARN_64_TO_32_BIT_CONVERSION = YES;
				GCC_WARN_ABOUT_RETURN_TYPE = YES_ERROR;
				GCC_WARN_UNDECLARED_SELECTOR = YES;
				GCC_WARN_UNINITIALIZED_AUTOS = YES_AGGRESSIVE;
				GCC_WARN_UNUSED_FUNCTION = YES;
				GCC_WARN_UNUSED_VARIABLE = YES;
				IPHONEOS_DEPLOYMENT_TARGET = 13.6;
				MTL_ENABLE_DEBUG_INFO = INCLUDE_SOURCE;
				MTL_FAST_MATH = YES;
				ONLY_ACTIVE_ARCH = YES;
				SDKROOT = iphoneos;
				SWIFT_ACTIVE_COMPILATION_CONDITIONS = DEBUG;
				SWIFT_OPTIMIZATION_LEVEL = "-Onone";
			};
			name = Debug;
		};
		87E848DE24FDAEE400DC7FB4 /* Release */ = {
			isa = XCBuildConfiguration;
			buildSettings = {
				ALWAYS_SEARCH_USER_PATHS = NO;
				CLANG_ANALYZER_NONNULL = YES;
				CLANG_ANALYZER_NUMBER_OBJECT_CONVERSION = YES_AGGRESSIVE;
				CLANG_CXX_LANGUAGE_STANDARD = "gnu++14";
				CLANG_CXX_LIBRARY = "libc++";
				CLANG_ENABLE_MODULES = YES;
				CLANG_ENABLE_OBJC_ARC = YES;
				CLANG_ENABLE_OBJC_WEAK = YES;
				CLANG_WARN_BLOCK_CAPTURE_AUTORELEASING = YES;
				CLANG_WARN_BOOL_CONVERSION = YES;
				CLANG_WARN_COMMA = YES;
				CLANG_WARN_CONSTANT_CONVERSION = YES;
				CLANG_WARN_DEPRECATED_OBJC_IMPLEMENTATIONS = YES;
				CLANG_WARN_DIRECT_OBJC_ISA_USAGE = YES_ERROR;
				CLANG_WARN_DOCUMENTATION_COMMENTS = YES;
				CLANG_WARN_EMPTY_BODY = YES;
				CLANG_WARN_ENUM_CONVERSION = YES;
				CLANG_WARN_INFINITE_RECURSION = YES;
				CLANG_WARN_INT_CONVERSION = YES;
				CLANG_WARN_NON_LITERAL_NULL_CONVERSION = YES;
				CLANG_WARN_OBJC_IMPLICIT_RETAIN_SELF = YES;
				CLANG_WARN_OBJC_LITERAL_CONVERSION = YES;
				CLANG_WARN_OBJC_ROOT_CLASS = YES_ERROR;
				CLANG_WARN_RANGE_LOOP_ANALYSIS = YES;
				CLANG_WARN_STRICT_PROTOTYPES = YES;
				CLANG_WARN_SUSPICIOUS_MOVE = YES;
				CLANG_WARN_UNGUARDED_AVAILABILITY = YES_AGGRESSIVE;
				CLANG_WARN_UNREACHABLE_CODE = YES;
				CLANG_WARN__DUPLICATE_METHOD_MATCH = YES;
				COPY_PHASE_STRIP = NO;
				DEBUG_INFORMATION_FORMAT = "dwarf-with-dsym";
				ENABLE_NS_ASSERTIONS = NO;
				ENABLE_STRICT_OBJC_MSGSEND = YES;
				GCC_C_LANGUAGE_STANDARD = gnu11;
				GCC_NO_COMMON_BLOCKS = YES;
				GCC_WARN_64_TO_32_BIT_CONVERSION = YES;
				GCC_WARN_ABOUT_RETURN_TYPE = YES_ERROR;
				GCC_WARN_UNDECLARED_SELECTOR = YES;
				GCC_WARN_UNINITIALIZED_AUTOS = YES_AGGRESSIVE;
				GCC_WARN_UNUSED_FUNCTION = YES;
				GCC_WARN_UNUSED_VARIABLE = YES;
				IPHONEOS_DEPLOYMENT_TARGET = 13.6;
				MTL_ENABLE_DEBUG_INFO = NO;
				MTL_FAST_MATH = YES;
				SDKROOT = iphoneos;
				SWIFT_COMPILATION_MODE = wholemodule;
				SWIFT_OPTIMIZATION_LEVEL = "-O";
				VALIDATE_PRODUCT = YES;
			};
			name = Release;
		};
		87E848E024FDAEE400DC7FB4 /* Debug */ = {
			isa = XCBuildConfiguration;
			buildSettings = {
				ASSETCATALOG_COMPILER_APPICON_NAME = AppIcon;
				CODE_SIGN_STYLE = Automatic;
				DEVELOPMENT_TEAM = KHPX365XX5;
				INFOPLIST_FILE = Expenses/Info.plist;
				LD_RUNPATH_SEARCH_PATHS = (
					"$(inherited)",
					"@executable_path/Frameworks",
				);
				PRODUCT_BUNDLE_IDENTIFIER = edu.missouri.Expenses;
				PRODUCT_NAME = "$(TARGET_NAME)";
				SWIFT_VERSION = 5.0;
				TARGETED_DEVICE_FAMILY = "1,2";
			};
			name = Debug;
		};
		87E848E124FDAEE400DC7FB4 /* Release */ = {
			isa = XCBuildConfiguration;
			buildSettings = {
				ASSETCATALOG_COMPILER_APPICON_NAME = AppIcon;
				CODE_SIGN_STYLE = Automatic;
				DEVELOPMENT_TEAM = KHPX365XX5;
				INFOPLIST_FILE = Expenses/Info.plist;
				LD_RUNPATH_SEARCH_PATHS = (
					"$(inherited)",
					"@executable_path/Frameworks",
				);
				PRODUCT_BUNDLE_IDENTIFIER = edu.missouri.Expenses;
				PRODUCT_NAME = "$(TARGET_NAME)";
				SWIFT_VERSION = 5.0;
				TARGETED_DEVICE_FAMILY = "1,2";
			};
			name = Release;
		};
		87E848E324FDAEE400DC7FB4 /* Debug */ = {
			isa = XCBuildConfiguration;
			buildSettings = {
				ALWAYS_EMBED_SWIFT_STANDARD_LIBRARIES = YES;
				BUNDLE_LOADER = "$(TEST_HOST)";
				CODE_SIGN_STYLE = Automatic;
				DEVELOPMENT_TEAM = KHPX365XX5;
				INFOPLIST_FILE = ExpensesTests/Info.plist;
				IPHONEOS_DEPLOYMENT_TARGET = 13.6;
				LD_RUNPATH_SEARCH_PATHS = (
					"$(inherited)",
					"@executable_path/Frameworks",
					"@loader_path/Frameworks",
				);
				PRODUCT_BUNDLE_IDENTIFIER = edu.missouri.ExpensesTests;
				PRODUCT_NAME = "$(TARGET_NAME)";
				SWIFT_VERSION = 5.0;
				TARGETED_DEVICE_FAMILY = "1,2";
				TEST_HOST = "$(BUILT_PRODUCTS_DIR)/Expenses.app/Expenses";
			};
			name = Debug;
		};
		87E848E424FDAEE400DC7FB4 /* Release */ = {
			isa = XCBuildConfiguration;
			buildSettings = {
				ALWAYS_EMBED_SWIFT_STANDARD_LIBRARIES = YES;
				BUNDLE_LOADER = "$(TEST_HOST)";
				CODE_SIGN_STYLE = Automatic;
				DEVELOPMENT_TEAM = KHPX365XX5;
				INFOPLIST_FILE = ExpensesTests/Info.plist;
				IPHONEOS_DEPLOYMENT_TARGET = 13.6;
				LD_RUNPATH_SEARCH_PATHS = (
					"$(inherited)",
					"@executable_path/Frameworks",
					"@loader_path/Frameworks",
				);
				PRODUCT_BUNDLE_IDENTIFIER = edu.missouri.ExpensesTests;
				PRODUCT_NAME = "$(TARGET_NAME)";
				SWIFT_VERSION = 5.0;
				TARGETED_DEVICE_FAMILY = "1,2";
				TEST_HOST = "$(BUILT_PRODUCTS_DIR)/Expenses.app/Expenses";
			};
			name = Release;
		};
		87E848E624FDAEE400DC7FB4 /* Debug */ = {
			isa = XCBuildConfiguration;
			buildSettings = {
				ALWAYS_EMBED_SWIFT_STANDARD_LIBRARIES = YES;
				CODE_SIGN_STYLE = Automatic;
				DEVELOPMENT_TEAM = KHPX365XX5;
				INFOPLIST_FILE = ExpensesUITests/Info.plist;
				LD_RUNPATH_SEARCH_PATHS = (
					"$(inherited)",
					"@executable_path/Frameworks",
					"@loader_path/Frameworks",
				);
				PRODUCT_BUNDLE_IDENTIFIER = edu.missouri.ExpensesUITests;
				PRODUCT_NAME = "$(TARGET_NAME)";
				SWIFT_VERSION = 5.0;
				TARGETED_DEVICE_FAMILY = "1,2";
				TEST_TARGET_NAME = Expenses;
			};
			name = Debug;
		};
		87E848E724FDAEE400DC7FB4 /* Release */ = {
			isa = XCBuildConfiguration;
			buildSettings = {
				ALWAYS_EMBED_SWIFT_STANDARD_LIBRARIES = YES;
				CODE_SIGN_STYLE = Automatic;
				DEVELOPMENT_TEAM = KHPX365XX5;
				INFOPLIST_FILE = ExpensesUITests/Info.plist;
				LD_RUNPATH_SEARCH_PATHS = (
					"$(inherited)",
					"@executable_path/Frameworks",
					"@loader_path/Frameworks",
				);
				PRODUCT_BUNDLE_IDENTIFIER = edu.missouri.ExpensesUITests;
				PRODUCT_NAME = "$(TARGET_NAME)";
				SWIFT_VERSION = 5.0;
				TARGETED_DEVICE_FAMILY = "1,2";
				TEST_TARGET_NAME = Expenses;
			};
			name = Release;
		};
/* End XCBuildConfiguration section */

/* Begin XCConfigurationList section */
		87E848AD24FDAEE100DC7FB4 /* Build configuration list for PBXProject "Expenses" */ = {
			isa = XCConfigurationList;
			buildConfigurations = (
				87E848DD24FDAEE400DC7FB4 /* Debug */,
				87E848DE24FDAEE400DC7FB4 /* Release */,
			);
			defaultConfigurationIsVisible = 0;
			defaultConfigurationName = Release;
		};
		87E848DF24FDAEE400DC7FB4 /* Build configuration list for PBXNativeTarget "Expenses" */ = {
			isa = XCConfigurationList;
			buildConfigurations = (
				87E848E024FDAEE400DC7FB4 /* Debug */,
				87E848E124FDAEE400DC7FB4 /* Release */,
			);
			defaultConfigurationIsVisible = 0;
			defaultConfigurationName = Release;
		};
		87E848E224FDAEE400DC7FB4 /* Build configuration list for PBXNativeTarget "ExpensesTests" */ = {
			isa = XCConfigurationList;
			buildConfigurations = (
				87E848E324FDAEE400DC7FB4 /* Debug */,
				87E848E424FDAEE400DC7FB4 /* Release */,
			);
			defaultConfigurationIsVisible = 0;
			defaultConfigurationName = Release;
		};
		87E848E524FDAEE400DC7FB4 /* Build configuration list for PBXNativeTarget "ExpensesUITests" */ = {
			isa = XCConfigurationList;
			buildConfigurations = (
				87E848E624FDAEE400DC7FB4 /* Debug */,
				87E848E724FDAEE400DC7FB4 /* Release */,
			);
			defaultConfigurationIsVisible = 0;
			defaultConfigurationName = Release;
		};
/* End XCConfigurationList section */

/* Begin XCVersionGroup section */
		87E848BE24FDAEE100DC7FB4 /* Expenses.xcdatamodeld */ = {
			isa = XCVersionGroup;
			children = (
				87E848BF24FDAEE100DC7FB4 /* Expenses.xcdatamodel */,
			);
			currentVersion = 87E848BF24FDAEE100DC7FB4 /* Expenses.xcdatamodel */;
			path = Expenses.xcdatamodeld;
			sourceTree = "<group>";
			versionGroupType = wrapper.xcdatamodel;
		};
/* End XCVersionGroup section */
	};
	rootObject = 87E848AA24FDAEE100DC7FB4 /* Project object */;
}
